
Microsoft Visual Studio Solution File, Format Version 12.00
# Visual Studio Version 16
VisualStudioVersion = 16.0.30011.22
MinimumVisualStudioVersion = 10.0.40219.1
Project("{8BC9CEB8-8B4A-11D0-8D11-00A0C91BC942}") = "test_project", "test_project\test_project.vcxproj", "{A6BC596C-6D46-4AD1-90F1-E50C3A48F00F}"
EndProject
Global
	GlobalSection(SolutionConfigurationPlatforms) = preSolution
		Debug|x64 = Debug|x64
		Debug|x86 = Debug|x86
		Release|x64 = Release|x64
		Release|x86 = Release|x86
	EndGlobalSection
	GlobalSection(ProjectConfigurationPlatforms) = postSolution
		{A6BC596C-6D46-4AD1-90F1-E50C3A48F00F}.Debug|x64.ActiveCfg = Debug|x64
		{A6BC596C-6D46-4AD1-90F1-E50C3A48F00F}.Debug|x64.Build.0 = Debug|x64
		{A6BC596C-6D46-4AD1-90F1-E50C3A48F00F}.Debug|x86.ActiveCfg = Debug|Win32
		{A6BC596C-6D46-4AD1-90F1-E50C3A48F00F}.Debug|x86.Build.0 = Debug|Win32
		{A6BC596C-6D46-4AD1-90F1-E50C3A48F00F}.Release|x64.ActiveCfg = Release|x64
		{A6BC596C-6D46-4AD1-90F1-E50C3A48F00F}.Release|x64.Build.0 = Release|x64
		{A6BC596C-6D46-4AD1-90F1-E50C3A48F00F}.Release|x86.ActiveCfg = Release|Win32
		{A6BC596C-6D46-4AD1-90F1-E50C3A48F00F}.Release|x86.Build.0 = Release|Win32
	EndGlobalSection
	GlobalSection(SolutionProperties) = preSolution
		HideSolutionNode = FALSE
	EndGlobalSection
	GlobalSection(ExtensibilityGlobals) = postSolution
		SolutionGuid = {7B56C7DD-4D82-4AE2-BC20-322A79C7A546}
	EndGlobalSection
EndGlobal
